
Microsoft Visual Studio Solution File, Format Version 12.00
# Visual Studio Version 17
VisualStudioVersion = 17.12.35323.107
MinimumVisualStudioVersion = 10.0.40219.1
Project("{FAE04EC0-301F-11D3-BF4B-00C04F79EFBC}") = "OAnQuan", "OAnQuan\OAnQuan.csproj", "{8A93DDBF-DF82-494F-9F2C-6395C2EF2E13}"
EndProject
Global
	GlobalSection(SolutionConfigurationPlatforms) = preSolution
		Debug|Any CPU = Debug|Any CPU
		Release|Any CPU = Release|Any CPU
	EndGlobalSection
	GlobalSection(ProjectConfigurationPlatforms) = postSolution
		{8A93DDBF-DF82-494F-9F2C-6395C2EF2E13}.Debug|Any CPU.ActiveCfg = Debug|Any CPU
		{8A93DDBF-DF82-494F-9F2C-6395C2EF2E13}.Debug|Any CPU.Build.0 = Debug|Any CPU
		{8A93DDBF-DF82-494F-9F2C-6395C2EF2E13}.Release|Any CPU.ActiveCfg = Release|Any CPU
		{8A93DDBF-DF82-494F-9F2C-6395C2EF2E13}.Release|Any CPU.Build.0 = Release|Any CPU
	EndGlobalSection
	GlobalSection(SolutionProperties) = preSolution
		HideSolutionNode = FALSE
	EndGlobalSection
	GlobalSection(ExtensibilityGlobals) = postSolution
		SolutionGuid = {1FB6E239-5242-4AB8-989F-5EA8DB226EBE}
	EndGlobalSection
EndGlobal
